
Microsoft Visual Studio Solution File, Format Version 10.00
# Visual Studio 2008
Project("{8BC9CEB8-8B4A-11D0-8D11-00A0C91BC942}") = "EchoUDP", "EchoUDP\EchoUDP.vcproj", "{CD14657D-4AC7-445B-A6F4-EA76B19836CB}"
EndProject
Global
	GlobalSection(SolutionConfigurationPlatforms) = preSolution
		Debug|Win32 = Debug|Win32
		Release|Win32 = Release|Win32
	EndGlobalSection
	GlobalSection(ProjectConfigurationPlatforms) = postSolution
		{CD14657D-4AC7-445B-A6F4-EA76B19836CB}.Debug|Win32.ActiveCfg = Debug|Win32
		{CD14657D-4AC7-445B-A6F4-EA76B19836CB}.Debug|Win32.Build.0 = Debug|Win32
		{CD14657D-4AC7-445B-A6F4-EA76B19836CB}.Release|Win32.ActiveCfg = Release|Win32
		{CD14657D-4AC7-445B-A6F4-EA76B19836CB}.Release|Win32.Build.0 = Release|Win32
	EndGlobalSection
	GlobalSection(SolutionProperties) = preSolution
		HideSolutionNode = FALSE
	EndGlobalSection
EndGlobal
